
Microsoft Visual Studio Solution File, Format Version 12.00
Project("{2150E333-8FDC-42A3-9474-1A3956D46DE8}") = "Core", "Core", "{35FE1594-D692-4164-BA12-278A16FE21E5}"
EndProject
Project("{2150E333-8FDC-42A3-9474-1A3956D46DE8}") = "src", "src", "{B45DD3DC-04B7-48A2-8F56-084AD2CA65F9}"
EndProject
Project("{2150E333-8FDC-42A3-9474-1A3956D46DE8}") = "UI", "UI", "{BD94CFC5-0FDB-4C23-9F4B-A1A5DEEEFCFF}"
EndProject
Project("{2150E333-8FDC-42A3-9474-1A3956D46DE8}") = "API", "API", "{987B13DE-C81D-41ED-9943-122C3A4ED957}"
EndProject
Project("{2150E333-8FDC-42A3-9474-1A3956D46DE8}") = "Infrastructure", "Infrastructure", "{D971F3EF-2BA4-406A-A167-9FAFFD502BF1}"
EndProject
Project("{2150E333-8FDC-42A3-9474-1A3956D46DE8}") = "test", "test", "{04749810-6D35-4DF1-A3B0-6A5D4EC4DB67}"
EndProject
Project("{FAE04EC0-301F-11D3-BF4B-00C04F79EFBC}") = "HR_Management.Domain", "HR_Management.Domain\HR_Management.Domain.csproj", "{5C9F9A25-90CA-46CA-9369-548132495664}"
EndProject
Project("{FAE04EC0-301F-11D3-BF4B-00C04F79EFBC}") = "HR_Management.Application", "HR_Management.Application\HR_Management.Application.csproj", "{35B89BC4-3316-4349-BDBD-6D3121DF0D1B}"
EndProject
Project("{FAE04EC0-301F-11D3-BF4B-00C04F79EFBC}") = "HR_Management.Infrastructure", "HR_Management.Infrastructure\HR_Management.Infrastructure.csproj", "{3D5F4099-F06B-48C7-96B8-D2942E873798}"
EndProject
Project("{FAE04EC0-301F-11D3-BF4B-00C04F79EFBC}") = "HR_Management.Persistence", "HR_Management.Persistence\HR_Management.Persistence.csproj", "{279A2B2C-E732-4E76-B2B2-4F6C204F29DC}"
EndProject
Project("{FAE04EC0-301F-11D3-BF4B-00C04F79EFBC}") = "HR_Management.Api", "HR_Management.Api\HR_Management.Api.csproj", "{C5BAF48C-0B9D-4C68-BED6-E4DF12D8F60E}"
EndProject
Global
	GlobalSection(SolutionConfigurationPlatforms) = preSolution
		Debug|Any CPU = Debug|Any CPU
		Release|Any CPU = Release|Any CPU
	EndGlobalSection
	GlobalSection(ProjectConfigurationPlatforms) = postSolution
		{5C9F9A25-90CA-46CA-9369-548132495664}.Debug|Any CPU.ActiveCfg = Debug|Any CPU
		{5C9F9A25-90CA-46CA-9369-548132495664}.Debug|Any CPU.Build.0 = Debug|Any CPU
		{5C9F9A25-90CA-46CA-9369-548132495664}.Release|Any CPU.ActiveCfg = Release|Any CPU
		{5C9F9A25-90CA-46CA-9369-548132495664}.Release|Any CPU.Build.0 = Release|Any CPU
		{35B89BC4-3316-4349-BDBD-6D3121DF0D1B}.Debug|Any CPU.ActiveCfg = Debug|Any CPU
		{35B89BC4-3316-4349-BDBD-6D3121DF0D1B}.Debug|Any CPU.Build.0 = Debug|Any CPU
		{35B89BC4-3316-4349-BDBD-6D3121DF0D1B}.Release|Any CPU.ActiveCfg = Release|Any CPU
		{35B89BC4-3316-4349-BDBD-6D3121DF0D1B}.Release|Any CPU.Build.0 = Release|Any CPU
		{3D5F4099-F06B-48C7-96B8-D2942E873798}.Debug|Any CPU.ActiveCfg = Debug|Any CPU
		{3D5F4099-F06B-48C7-96B8-D2942E873798}.Debug|Any CPU.Build.0 = Debug|Any CPU
		{3D5F4099-F06B-48C7-96B8-D2942E873798}.Release|Any CPU.ActiveCfg = Release|Any CPU
		{3D5F4099-F06B-48C7-96B8-D2942E873798}.Release|Any CPU.Build.0 = Release|Any CPU
		{279A2B2C-E732-4E76-B2B2-4F6C204F29DC}.Debug|Any CPU.ActiveCfg = Debug|Any CPU
		{279A2B2C-E732-4E76-B2B2-4F6C204F29DC}.Debug|Any CPU.Build.0 = Debug|Any CPU
		{279A2B2C-E732-4E76-B2B2-4F6C204F29DC}.Release|Any CPU.ActiveCfg = Release|Any CPU
		{279A2B2C-E732-4E76-B2B2-4F6C204F29DC}.Release|Any CPU.Build.0 = Release|Any CPU
		{C5BAF48C-0B9D-4C68-BED6-E4DF12D8F60E}.Debug|Any CPU.ActiveCfg = Debug|Any CPU
		{C5BAF48C-0B9D-4C68-BED6-E4DF12D8F60E}.Debug|Any CPU.Build.0 = Debug|Any CPU
		{C5BAF48C-0B9D-4C68-BED6-E4DF12D8F60E}.Release|Any CPU.ActiveCfg = Release|Any CPU
		{C5BAF48C-0B9D-4C68-BED6-E4DF12D8F60E}.Release|Any CPU.Build.0 = Release|Any CPU
	EndGlobalSection
	GlobalSection(NestedProjects) = preSolution
		{35FE1594-D692-4164-BA12-278A16FE21E5} = {B45DD3DC-04B7-48A2-8F56-084AD2CA65F9}
		{BD94CFC5-0FDB-4C23-9F4B-A1A5DEEEFCFF} = {B45DD3DC-04B7-48A2-8F56-084AD2CA65F9}
		{987B13DE-C81D-41ED-9943-122C3A4ED957} = {B45DD3DC-04B7-48A2-8F56-084AD2CA65F9}
		{D971F3EF-2BA4-406A-A167-9FAFFD502BF1} = {B45DD3DC-04B7-48A2-8F56-084AD2CA65F9}
		{5C9F9A25-90CA-46CA-9369-548132495664} = {35FE1594-D692-4164-BA12-278A16FE21E5}
		{35B89BC4-3316-4349-BDBD-6D3121DF0D1B} = {35FE1594-D692-4164-BA12-278A16FE21E5}
		{3D5F4099-F06B-48C7-96B8-D2942E873798} = {D971F3EF-2BA4-406A-A167-9FAFFD502BF1}
		{279A2B2C-E732-4E76-B2B2-4F6C204F29DC} = {D971F3EF-2BA4-406A-A167-9FAFFD502BF1}
		{C5BAF48C-0B9D-4C68-BED6-E4DF12D8F60E} = {987B13DE-C81D-41ED-9943-122C3A4ED957}
	EndGlobalSection
EndGlobal
